
Microsoft Visual Studio Solution File, Format Version 12.00
# Visual Studio Version 17
VisualStudioVersion = 17.4.33213.308
MinimumVisualStudioVersion = 10.0.40219.1
Project("{FAE04EC0-301F-11D3-BF4B-00C04F79EFBC}") = "01. Hello SoftUni", "01. Hello SoftUni\01. Hello SoftUni.csproj", "{999E499C-C818-4B93-98B2-9A0E67A011AD}"
EndProject
Global
	GlobalSection(SolutionConfigurationPlatforms) = preSolution
		Debug|Any CPU = Debug|Any CPU
		Release|Any CPU = Release|Any CPU
	EndGlobalSection
	GlobalSection(ProjectConfigurationPlatforms) = postSolution
		{999E499C-C818-4B93-98B2-9A0E67A011AD}.Debug|Any CPU.ActiveCfg = Debug|Any CPU
		{999E499C-C818-4B93-98B2-9A0E67A011AD}.Debug|Any CPU.Build.0 = Debug|Any CPU
		{999E499C-C818-4B93-98B2-9A0E67A011AD}.Release|Any CPU.ActiveCfg = Release|Any CPU
		{999E499C-C818-4B93-98B2-9A0E67A011AD}.Release|Any CPU.Build.0 = Release|Any CPU
	EndGlobalSection
	GlobalSection(SolutionProperties) = preSolution
		HideSolutionNode = FALSE
	EndGlobalSection
	GlobalSection(ExtensibilityGlobals) = postSolution
		SolutionGuid = {D14B2AFD-544B-41C4-988E-405008F766FC}
	EndGlobalSection
EndGlobal
