
Microsoft Visual Studio Solution File, Format Version 12.00
# Visual Studio Version 17
VisualStudioVersion = 17.7.34003.232
MinimumVisualStudioVersion = 10.0.40219.1
Project("{FAE04EC0-301F-11D3-BF4B-00C04F79EFBC}") = "07. Vending Machine", "07. Vending Machine\07. Vending Machine.csproj", "{34A07E20-CACD-4696-8C4A-CFE040CD2573}"
EndProject
Global
	GlobalSection(SolutionConfigurationPlatforms) = preSolution
		Debug|Any CPU = Debug|Any CPU
		Release|Any CPU = Release|Any CPU
	EndGlobalSection
	GlobalSection(ProjectConfigurationPlatforms) = postSolution
		{34A07E20-CACD-4696-8C4A-CFE040CD2573}.Debug|Any CPU.ActiveCfg = Debug|Any CPU
		{34A07E20-CACD-4696-8C4A-CFE040CD2573}.Debug|Any CPU.Build.0 = Debug|Any CPU
		{34A07E20-CACD-4696-8C4A-CFE040CD2573}.Release|Any CPU.ActiveCfg = Release|Any CPU
		{34A07E20-CACD-4696-8C4A-CFE040CD2573}.Release|Any CPU.Build.0 = Release|Any CPU
	EndGlobalSection
	GlobalSection(SolutionProperties) = preSolution
		HideSolutionNode = FALSE
	EndGlobalSection
	GlobalSection(ExtensibilityGlobals) = postSolution
		SolutionGuid = {EBE5E9DF-6892-4280-AE87-B669F536DE4E}
	EndGlobalSection
EndGlobal
