
Microsoft Visual Studio Solution File, Format Version 12.00
# Visual Studio Version 17
VisualStudioVersion = 17.4.33213.308
MinimumVisualStudioVersion = 10.0.40219.1
Project("{FAE04EC0-301F-11D3-BF4B-00C04F79EFBC}") = "07. Shopping", "07. Shopping\07. Shopping.csproj", "{2733E990-502C-4B9A-BB1C-84E1B42BFFB3}"
EndProject
Global
	GlobalSection(SolutionConfigurationPlatforms) = preSolution
		Debug|Any CPU = Debug|Any CPU
		Release|Any CPU = Release|Any CPU
	EndGlobalSection
	GlobalSection(ProjectConfigurationPlatforms) = postSolution
		{2733E990-502C-4B9A-BB1C-84E1B42BFFB3}.Debug|Any CPU.ActiveCfg = Debug|Any CPU
		{2733E990-502C-4B9A-BB1C-84E1B42BFFB3}.Debug|Any CPU.Build.0 = Debug|Any CPU
		{2733E990-502C-4B9A-BB1C-84E1B42BFFB3}.Release|Any CPU.ActiveCfg = Release|Any CPU
		{2733E990-502C-4B9A-BB1C-84E1B42BFFB3}.Release|Any CPU.Build.0 = Release|Any CPU
	EndGlobalSection
	GlobalSection(SolutionProperties) = preSolution
		HideSolutionNode = FALSE
	EndGlobalSection
	GlobalSection(ExtensibilityGlobals) = postSolution
		SolutionGuid = {2ECBE397-9ABB-4020-B3D2-2B4F08F5C780}
	EndGlobalSection
EndGlobal
