
Microsoft Visual Studio Solution File, Format Version 12.00
# Visual Studio Version 17
VisualStudioVersion = 17.4.33213.308
MinimumVisualStudioVersion = 10.0.40219.1
Project("{FAE04EC0-301F-11D3-BF4B-00C04F79EFBC}") = "06. Repainting", "06. Repainting\06. Repainting.csproj", "{724B2435-CBE5-4980-9FD0-1547447FC895}"
EndProject
Global
	GlobalSection(SolutionConfigurationPlatforms) = preSolution
		Debug|Any CPU = Debug|Any CPU
		Release|Any CPU = Release|Any CPU
	EndGlobalSection
	GlobalSection(ProjectConfigurationPlatforms) = postSolution
		{724B2435-CBE5-4980-9FD0-1547447FC895}.Debug|Any CPU.ActiveCfg = Debug|Any CPU
		{724B2435-CBE5-4980-9FD0-1547447FC895}.Debug|Any CPU.Build.0 = Debug|Any CPU
		{724B2435-CBE5-4980-9FD0-1547447FC895}.Release|Any CPU.ActiveCfg = Release|Any CPU
		{724B2435-CBE5-4980-9FD0-1547447FC895}.Release|Any CPU.Build.0 = Release|Any CPU
	EndGlobalSection
	GlobalSection(SolutionProperties) = preSolution
		HideSolutionNode = FALSE
	EndGlobalSection
	GlobalSection(ExtensibilityGlobals) = postSolution
		SolutionGuid = {768C932C-63C4-4A92-B8A4-8DD142CABC49}
	EndGlobalSection
EndGlobal
