
Microsoft Visual Studio Solution File, Format Version 12.00
# Visual Studio Version 17
VisualStudioVersion = 17.7.34031.279
MinimumVisualStudioVersion = 10.0.40219.1
Project("{FAE04EC0-301F-11D3-BF4B-00C04F79EFBC}") = "06. Even and Odd Subtraction", "06. Even and Odd Subtraction\06. Even and Odd Subtraction.csproj", "{659FF00E-A9B4-4FC1-AA30-C9DFFB645595}"
EndProject
Global
	GlobalSection(SolutionConfigurationPlatforms) = preSolution
		Debug|Any CPU = Debug|Any CPU
		Release|Any CPU = Release|Any CPU
	EndGlobalSection
	GlobalSection(ProjectConfigurationPlatforms) = postSolution
		{659FF00E-A9B4-4FC1-AA30-C9DFFB645595}.Debug|Any CPU.ActiveCfg = Debug|Any CPU
		{659FF00E-A9B4-4FC1-AA30-C9DFFB645595}.Debug|Any CPU.Build.0 = Debug|Any CPU
		{659FF00E-A9B4-4FC1-AA30-C9DFFB645595}.Release|Any CPU.ActiveCfg = Release|Any CPU
		{659FF00E-A9B4-4FC1-AA30-C9DFFB645595}.Release|Any CPU.Build.0 = Release|Any CPU
	EndGlobalSection
	GlobalSection(SolutionProperties) = preSolution
		HideSolutionNode = FALSE
	EndGlobalSection
	GlobalSection(ExtensibilityGlobals) = postSolution
		SolutionGuid = {C58F91A9-7648-4538-8392-7C35BDEA56B7}
	EndGlobalSection
EndGlobal
