
Microsoft Visual Studio Solution File, Format Version 12.00
# Visual Studio Version 17
VisualStudioVersion = 17.4.33213.308
MinimumVisualStudioVersion = 10.0.40219.1
Project("{FAE04EC0-301F-11D3-BF4B-00C04F79EFBC}") = "04. Vacation Books List", "04. Vacation Books List\04. Vacation Books List.csproj", "{B152E424-4BA9-4975-A820-CC54B27DE196}"
EndProject
Global
	GlobalSection(SolutionConfigurationPlatforms) = preSolution
		Debug|Any CPU = Debug|Any CPU
		Release|Any CPU = Release|Any CPU
	EndGlobalSection
	GlobalSection(ProjectConfigurationPlatforms) = postSolution
		{B152E424-4BA9-4975-A820-CC54B27DE196}.Debug|Any CPU.ActiveCfg = Debug|Any CPU
		{B152E424-4BA9-4975-A820-CC54B27DE196}.Debug|Any CPU.Build.0 = Debug|Any CPU
		{B152E424-4BA9-4975-A820-CC54B27DE196}.Release|Any CPU.ActiveCfg = Release|Any CPU
		{B152E424-4BA9-4975-A820-CC54B27DE196}.Release|Any CPU.Build.0 = Release|Any CPU
	EndGlobalSection
	GlobalSection(SolutionProperties) = preSolution
		HideSolutionNode = FALSE
	EndGlobalSection
	GlobalSection(ExtensibilityGlobals) = postSolution
		SolutionGuid = {2FAA6E23-C86C-432A-8682-81B3FB28D2F4}
	EndGlobalSection
EndGlobal
