
Microsoft Visual Studio Solution File, Format Version 12.00
# Visual Studio Version 17
VisualStudioVersion = 17.5.33516.290
MinimumVisualStudioVersion = 10.0.40219.1
Project("{FAE04EC0-301F-11D3-BF4B-00C04F79EFBC}") = "2. Passed", "2. Passed\2. Passed.csproj", "{9DDBE0F7-FDE4-4C93-AE8C-6F4E6A13865E}"
EndProject
Global
	GlobalSection(SolutionConfigurationPlatforms) = preSolution
		Debug|Any CPU = Debug|Any CPU
		Release|Any CPU = Release|Any CPU
	EndGlobalSection
	GlobalSection(ProjectConfigurationPlatforms) = postSolution
		{9DDBE0F7-FDE4-4C93-AE8C-6F4E6A13865E}.Debug|Any CPU.ActiveCfg = Debug|Any CPU
		{9DDBE0F7-FDE4-4C93-AE8C-6F4E6A13865E}.Debug|Any CPU.Build.0 = Debug|Any CPU
		{9DDBE0F7-FDE4-4C93-AE8C-6F4E6A13865E}.Release|Any CPU.ActiveCfg = Release|Any CPU
		{9DDBE0F7-FDE4-4C93-AE8C-6F4E6A13865E}.Release|Any CPU.Build.0 = Release|Any CPU
	EndGlobalSection
	GlobalSection(SolutionProperties) = preSolution
		HideSolutionNode = FALSE
	EndGlobalSection
	GlobalSection(ExtensibilityGlobals) = postSolution
		SolutionGuid = {12F666EE-67AC-43D3-ABF4-51DBD0ADF720}
	EndGlobalSection
EndGlobal
