
Microsoft Visual Studio Solution File, Format Version 12.00
# Visual Studio Version 17
VisualStudioVersion = 17.7.34031.279
MinimumVisualStudioVersion = 10.0.40219.1
Project("{FAE04EC0-301F-11D3-BF4B-00C04F79EFBC}") = "04. Reverse Array of Strings", "04. Reverse Array of Strings\04. Reverse Array of Strings.csproj", "{A308643E-0A1E-4DCF-A0AF-9298D3D10C5F}"
EndProject
Global
	GlobalSection(SolutionConfigurationPlatforms) = preSolution
		Debug|Any CPU = Debug|Any CPU
		Release|Any CPU = Release|Any CPU
	EndGlobalSection
	GlobalSection(ProjectConfigurationPlatforms) = postSolution
		{A308643E-0A1E-4DCF-A0AF-9298D3D10C5F}.Debug|Any CPU.ActiveCfg = Debug|Any CPU
		{A308643E-0A1E-4DCF-A0AF-9298D3D10C5F}.Debug|Any CPU.Build.0 = Debug|Any CPU
		{A308643E-0A1E-4DCF-A0AF-9298D3D10C5F}.Release|Any CPU.ActiveCfg = Release|Any CPU
		{A308643E-0A1E-4DCF-A0AF-9298D3D10C5F}.Release|Any CPU.Build.0 = Release|Any CPU
	EndGlobalSection
	GlobalSection(SolutionProperties) = preSolution
		HideSolutionNode = FALSE
	EndGlobalSection
	GlobalSection(ExtensibilityGlobals) = postSolution
		SolutionGuid = {D4C69BEF-788F-46F1-9707-6AB75761C1B9}
	EndGlobalSection
EndGlobal
