
Microsoft Visual Studio Solution File, Format Version 12.00
# Visual Studio Version 17
VisualStudioVersion = 17.7.34031.279
MinimumVisualStudioVersion = 10.0.40219.1
Project("{FAE04EC0-301F-11D3-BF4B-00C04F79EFBC}") = "02. Common Elements", "02. Common Elements\02. Common Elements.csproj", "{0D409CDD-842A-4BC0-AB95-539D5EE4D013}"
EndProject
Global
	GlobalSection(SolutionConfigurationPlatforms) = preSolution
		Debug|Any CPU = Debug|Any CPU
		Release|Any CPU = Release|Any CPU
	EndGlobalSection
	GlobalSection(ProjectConfigurationPlatforms) = postSolution
		{0D409CDD-842A-4BC0-AB95-539D5EE4D013}.Debug|Any CPU.ActiveCfg = Debug|Any CPU
		{0D409CDD-842A-4BC0-AB95-539D5EE4D013}.Debug|Any CPU.Build.0 = Debug|Any CPU
		{0D409CDD-842A-4BC0-AB95-539D5EE4D013}.Release|Any CPU.ActiveCfg = Release|Any CPU
		{0D409CDD-842A-4BC0-AB95-539D5EE4D013}.Release|Any CPU.Build.0 = Release|Any CPU
	EndGlobalSection
	GlobalSection(SolutionProperties) = preSolution
		HideSolutionNode = FALSE
	EndGlobalSection
	GlobalSection(ExtensibilityGlobals) = postSolution
		SolutionGuid = {9F7B1AEC-EB83-40D0-9D97-905545731F39}
	EndGlobalSection
EndGlobal
