
Microsoft Visual Studio Solution File, Format Version 12.00
# Visual Studio Version 17
VisualStudioVersion = 17.7.34031.279
MinimumVisualStudioVersion = 10.0.40219.1
Project("{FAE04EC0-301F-11D3-BF4B-00C04F79EFBC}") = "01. Encrypt, Sort and Print Array", "01. Encrypt, Sort and Print Array\01. Encrypt, Sort and Print Array.csproj", "{94A1CDCD-E7EA-4496-B94D-27627BFBD0E5}"
EndProject
Global
	GlobalSection(SolutionConfigurationPlatforms) = preSolution
		Debug|Any CPU = Debug|Any CPU
		Release|Any CPU = Release|Any CPU
	EndGlobalSection
	GlobalSection(ProjectConfigurationPlatforms) = postSolution
		{94A1CDCD-E7EA-4496-B94D-27627BFBD0E5}.Debug|Any CPU.ActiveCfg = Debug|Any CPU
		{94A1CDCD-E7EA-4496-B94D-27627BFBD0E5}.Debug|Any CPU.Build.0 = Debug|Any CPU
		{94A1CDCD-E7EA-4496-B94D-27627BFBD0E5}.Release|Any CPU.ActiveCfg = Release|Any CPU
		{94A1CDCD-E7EA-4496-B94D-27627BFBD0E5}.Release|Any CPU.Build.0 = Release|Any CPU
	EndGlobalSection
	GlobalSection(SolutionProperties) = preSolution
		HideSolutionNode = FALSE
	EndGlobalSection
	GlobalSection(ExtensibilityGlobals) = postSolution
		SolutionGuid = {D0599083-7606-4B9A-AAD6-5F627644CF35}
	EndGlobalSection
EndGlobal
