
Microsoft Visual Studio Solution File, Format Version 12.00
# Visual Studio Version 17
VisualStudioVersion = 17.7.34031.279
MinimumVisualStudioVersion = 10.0.40219.1
Project("{FAE04EC0-301F-11D3-BF4B-00C04F79EFBC}") = "03. Recursive Fibonacci", "03. Recursive Fibonacci\03. Recursive Fibonacci.csproj", "{F877681A-BB7B-4D21-845E-62DA1F14DA6B}"
EndProject
Global
	GlobalSection(SolutionConfigurationPlatforms) = preSolution
		Debug|Any CPU = Debug|Any CPU
		Release|Any CPU = Release|Any CPU
	EndGlobalSection
	GlobalSection(ProjectConfigurationPlatforms) = postSolution
		{F877681A-BB7B-4D21-845E-62DA1F14DA6B}.Debug|Any CPU.ActiveCfg = Debug|Any CPU
		{F877681A-BB7B-4D21-845E-62DA1F14DA6B}.Debug|Any CPU.Build.0 = Debug|Any CPU
		{F877681A-BB7B-4D21-845E-62DA1F14DA6B}.Release|Any CPU.ActiveCfg = Release|Any CPU
		{F877681A-BB7B-4D21-845E-62DA1F14DA6B}.Release|Any CPU.Build.0 = Release|Any CPU
	EndGlobalSection
	GlobalSection(SolutionProperties) = preSolution
		HideSolutionNode = FALSE
	EndGlobalSection
	GlobalSection(ExtensibilityGlobals) = postSolution
		SolutionGuid = {C5C3B65C-FEB6-4F4F-9DDD-56C11E2C0B80}
	EndGlobalSection
EndGlobal
