
Microsoft Visual Studio Solution File, Format Version 12.00
# Visual Studio Version 17
VisualStudioVersion = 17.7.34031.279
MinimumVisualStudioVersion = 10.0.40219.1
Project("{FAE04EC0-301F-11D3-BF4B-00C04F79EFBC}") = "07. Water Overflow", "07. Water Overflow\07. Water Overflow.csproj", "{8EDAB3E2-09C0-4415-99D6-D1DD4480D51C}"
EndProject
Global
	GlobalSection(SolutionConfigurationPlatforms) = preSolution
		Debug|Any CPU = Debug|Any CPU
		Release|Any CPU = Release|Any CPU
	EndGlobalSection
	GlobalSection(ProjectConfigurationPlatforms) = postSolution
		{8EDAB3E2-09C0-4415-99D6-D1DD4480D51C}.Debug|Any CPU.ActiveCfg = Debug|Any CPU
		{8EDAB3E2-09C0-4415-99D6-D1DD4480D51C}.Debug|Any CPU.Build.0 = Debug|Any CPU
		{8EDAB3E2-09C0-4415-99D6-D1DD4480D51C}.Release|Any CPU.ActiveCfg = Release|Any CPU
		{8EDAB3E2-09C0-4415-99D6-D1DD4480D51C}.Release|Any CPU.Build.0 = Release|Any CPU
	EndGlobalSection
	GlobalSection(SolutionProperties) = preSolution
		HideSolutionNode = FALSE
	EndGlobalSection
	GlobalSection(ExtensibilityGlobals) = postSolution
		SolutionGuid = {63F978EF-FA03-42EC-9801-36267096F10B}
	EndGlobalSection
EndGlobal
