
Microsoft Visual Studio Solution File, Format Version 12.00
# Visual Studio Version 17
VisualStudioVersion = 17.7.34031.279
MinimumVisualStudioVersion = 10.0.40219.1
Project("{FAE04EC0-301F-11D3-BF4B-00C04F79EFBC}") = "03. Rounding Numbers", "03. Rounding Numbers\03. Rounding Numbers.csproj", "{632340C2-4EF2-4897-8523-5D68910336E3}"
EndProject
Global
	GlobalSection(SolutionConfigurationPlatforms) = preSolution
		Debug|Any CPU = Debug|Any CPU
		Release|Any CPU = Release|Any CPU
	EndGlobalSection
	GlobalSection(ProjectConfigurationPlatforms) = postSolution
		{632340C2-4EF2-4897-8523-5D68910336E3}.Debug|Any CPU.ActiveCfg = Debug|Any CPU
		{632340C2-4EF2-4897-8523-5D68910336E3}.Debug|Any CPU.Build.0 = Debug|Any CPU
		{632340C2-4EF2-4897-8523-5D68910336E3}.Release|Any CPU.ActiveCfg = Release|Any CPU
		{632340C2-4EF2-4897-8523-5D68910336E3}.Release|Any CPU.Build.0 = Release|Any CPU
	EndGlobalSection
	GlobalSection(SolutionProperties) = preSolution
		HideSolutionNode = FALSE
	EndGlobalSection
	GlobalSection(ExtensibilityGlobals) = postSolution
		SolutionGuid = {6437C36E-80A3-4242-9C7A-75CA71AD6C71}
	EndGlobalSection
EndGlobal
