
Microsoft Visual Studio Solution File, Format Version 12.00
# Visual Studio Version 17
VisualStudioVersion = 17.4.33213.308
MinimumVisualStudioVersion = 10.0.40219.1
Project("{FAE04EC0-301F-11D3-BF4B-00C04F79EFBC}") = "06. Speed Info", "06. Speed Info\06. Speed Info.csproj", "{A3C63709-AC12-4CC0-A5F5-E79E72631B1E}"
EndProject
Global
	GlobalSection(SolutionConfigurationPlatforms) = preSolution
		Debug|Any CPU = Debug|Any CPU
		Release|Any CPU = Release|Any CPU
	EndGlobalSection
	GlobalSection(ProjectConfigurationPlatforms) = postSolution
		{A3C63709-AC12-4CC0-A5F5-E79E72631B1E}.Debug|Any CPU.ActiveCfg = Debug|Any CPU
		{A3C63709-AC12-4CC0-A5F5-E79E72631B1E}.Debug|Any CPU.Build.0 = Debug|Any CPU
		{A3C63709-AC12-4CC0-A5F5-E79E72631B1E}.Release|Any CPU.ActiveCfg = Release|Any CPU
		{A3C63709-AC12-4CC0-A5F5-E79E72631B1E}.Release|Any CPU.Build.0 = Release|Any CPU
	EndGlobalSection
	GlobalSection(SolutionProperties) = preSolution
		HideSolutionNode = FALSE
	EndGlobalSection
	GlobalSection(ExtensibilityGlobals) = postSolution
		SolutionGuid = {B536CA3F-1E46-474D-8546-99B9274549FC}
	EndGlobalSection
EndGlobal
