
Microsoft Visual Studio Solution File, Format Version 12.00
# Visual Studio Version 17
VisualStudioVersion = 17.4.33213.308
MinimumVisualStudioVersion = 10.0.40219.1
Project("{FAE04EC0-301F-11D3-BF4B-00C04F79EFBC}") = "04. List Operations", "04. List Operations\04. List Operations.csproj", "{84A115FD-70B4-46C3-9AE8-6368446AE171}"
EndProject
Global
	GlobalSection(SolutionConfigurationPlatforms) = preSolution
		Debug|Any CPU = Debug|Any CPU
		Release|Any CPU = Release|Any CPU
	EndGlobalSection
	GlobalSection(ProjectConfigurationPlatforms) = postSolution
		{84A115FD-70B4-46C3-9AE8-6368446AE171}.Debug|Any CPU.ActiveCfg = Debug|Any CPU
		{84A115FD-70B4-46C3-9AE8-6368446AE171}.Debug|Any CPU.Build.0 = Debug|Any CPU
		{84A115FD-70B4-46C3-9AE8-6368446AE171}.Release|Any CPU.ActiveCfg = Release|Any CPU
		{84A115FD-70B4-46C3-9AE8-6368446AE171}.Release|Any CPU.Build.0 = Release|Any CPU
	EndGlobalSection
	GlobalSection(SolutionProperties) = preSolution
		HideSolutionNode = FALSE
	EndGlobalSection
	GlobalSection(ExtensibilityGlobals) = postSolution
		SolutionGuid = {BA4DA979-B82B-46D7-9D12-74A1B2F98736}
	EndGlobalSection
EndGlobal
