
Microsoft Visual Studio Solution File, Format Version 12.00
# Visual Studio Version 17
VisualStudioVersion = 17.7.34031.279
MinimumVisualStudioVersion = 10.0.40219.1
Project("{FAE04EC0-301F-11D3-BF4B-00C04F79EFBC}") = "01. Convert Meters to Kilometers", "01. Convert Meters to Kilometers\01. Convert Meters to Kilometers.csproj", "{6FF7FE08-8A6A-4B74-AF46-06AD9E5BB1A1}"
EndProject
Global
	GlobalSection(SolutionConfigurationPlatforms) = preSolution
		Debug|Any CPU = Debug|Any CPU
		Release|Any CPU = Release|Any CPU
	EndGlobalSection
	GlobalSection(ProjectConfigurationPlatforms) = postSolution
		{6FF7FE08-8A6A-4B74-AF46-06AD9E5BB1A1}.Debug|Any CPU.ActiveCfg = Debug|Any CPU
		{6FF7FE08-8A6A-4B74-AF46-06AD9E5BB1A1}.Debug|Any CPU.Build.0 = Debug|Any CPU
		{6FF7FE08-8A6A-4B74-AF46-06AD9E5BB1A1}.Release|Any CPU.ActiveCfg = Release|Any CPU
		{6FF7FE08-8A6A-4B74-AF46-06AD9E5BB1A1}.Release|Any CPU.Build.0 = Release|Any CPU
	EndGlobalSection
	GlobalSection(SolutionProperties) = preSolution
		HideSolutionNode = FALSE
	EndGlobalSection
	GlobalSection(ExtensibilityGlobals) = postSolution
		SolutionGuid = {97745849-14C9-4242-8EA5-15297A1D48EA}
	EndGlobalSection
EndGlobal
