
Microsoft Visual Studio Solution File, Format Version 12.00
# Visual Studio Version 17
VisualStudioVersion = 17.7.34031.279
MinimumVisualStudioVersion = 10.0.40219.1
Project("{FAE04EC0-301F-11D3-BF4B-00C04F79EFBC}") = "09. Chars to String", "09. Chars to String\09. Chars to String.csproj", "{42E9650A-60A2-443C-8798-B6EB57D993E6}"
EndProject
Global
	GlobalSection(SolutionConfigurationPlatforms) = preSolution
		Debug|Any CPU = Debug|Any CPU
		Release|Any CPU = Release|Any CPU
	EndGlobalSection
	GlobalSection(ProjectConfigurationPlatforms) = postSolution
		{42E9650A-60A2-443C-8798-B6EB57D993E6}.Debug|Any CPU.ActiveCfg = Debug|Any CPU
		{42E9650A-60A2-443C-8798-B6EB57D993E6}.Debug|Any CPU.Build.0 = Debug|Any CPU
		{42E9650A-60A2-443C-8798-B6EB57D993E6}.Release|Any CPU.ActiveCfg = Release|Any CPU
		{42E9650A-60A2-443C-8798-B6EB57D993E6}.Release|Any CPU.Build.0 = Release|Any CPU
	EndGlobalSection
	GlobalSection(SolutionProperties) = preSolution
		HideSolutionNode = FALSE
	EndGlobalSection
	GlobalSection(ExtensibilityGlobals) = postSolution
		SolutionGuid = {326A5A79-5EA0-448E-9DDF-92230F00F3BC}
	EndGlobalSection
EndGlobal
