
Microsoft Visual Studio Solution File, Format Version 12.00
# Visual Studio Version 17
VisualStudioVersion = 17.7.34031.279
MinimumVisualStudioVersion = 10.0.40219.1
Project("{FAE04EC0-301F-11D3-BF4B-00C04F79EFBC}") = "06. Triples of Latin Letters", "06. Triples of Latin Letters\06. Triples of Latin Letters.csproj", "{8A2F87EE-0B08-4E61-B8DE-54C489004FAD}"
EndProject
Global
	GlobalSection(SolutionConfigurationPlatforms) = preSolution
		Debug|Any CPU = Debug|Any CPU
		Release|Any CPU = Release|Any CPU
	EndGlobalSection
	GlobalSection(ProjectConfigurationPlatforms) = postSolution
		{8A2F87EE-0B08-4E61-B8DE-54C489004FAD}.Debug|Any CPU.ActiveCfg = Debug|Any CPU
		{8A2F87EE-0B08-4E61-B8DE-54C489004FAD}.Debug|Any CPU.Build.0 = Debug|Any CPU
		{8A2F87EE-0B08-4E61-B8DE-54C489004FAD}.Release|Any CPU.ActiveCfg = Release|Any CPU
		{8A2F87EE-0B08-4E61-B8DE-54C489004FAD}.Release|Any CPU.Build.0 = Release|Any CPU
	EndGlobalSection
	GlobalSection(SolutionProperties) = preSolution
		HideSolutionNode = FALSE
	EndGlobalSection
	GlobalSection(ExtensibilityGlobals) = postSolution
		SolutionGuid = {11F988A5-5CDD-479E-8346-4619124BEF0C}
	EndGlobalSection
EndGlobal
