
Microsoft Visual Studio Solution File, Format Version 12.00
# Visual Studio Version 17
VisualStudioVersion = 17.5.33516.290
MinimumVisualStudioVersion = 10.0.40219.1
Project("{FAE04EC0-301F-11D3-BF4B-00C04F79EFBC}") = "1. Student Information", "1. Student Information\1. Student Information.csproj", "{09433C3D-3901-45CD-9CD7-2C57BDE4C67B}"
EndProject
Global
	GlobalSection(SolutionConfigurationPlatforms) = preSolution
		Debug|Any CPU = Debug|Any CPU
		Release|Any CPU = Release|Any CPU
	EndGlobalSection
	GlobalSection(ProjectConfigurationPlatforms) = postSolution
		{09433C3D-3901-45CD-9CD7-2C57BDE4C67B}.Debug|Any CPU.ActiveCfg = Debug|Any CPU
		{09433C3D-3901-45CD-9CD7-2C57BDE4C67B}.Debug|Any CPU.Build.0 = Debug|Any CPU
		{09433C3D-3901-45CD-9CD7-2C57BDE4C67B}.Release|Any CPU.ActiveCfg = Release|Any CPU
		{09433C3D-3901-45CD-9CD7-2C57BDE4C67B}.Release|Any CPU.Build.0 = Release|Any CPU
	EndGlobalSection
	GlobalSection(SolutionProperties) = preSolution
		HideSolutionNode = FALSE
	EndGlobalSection
	GlobalSection(ExtensibilityGlobals) = postSolution
		SolutionGuid = {E3444C09-E103-4F79-857B-440C7D4DE64A}
	EndGlobalSection
EndGlobal
