
Microsoft Visual Studio Solution File, Format Version 12.00
# Visual Studio Version 17
VisualStudioVersion = 17.7.34031.279
MinimumVisualStudioVersion = 10.0.40219.1
Project("{FAE04EC0-301F-11D3-BF4B-00C04F79EFBC}") = "08. Condense Array to Number", "08. Condense Array to Number\08. Condense Array to Number.csproj", "{9CF48A0F-6E0F-4A99-8D70-2FED891AB6D2}"
EndProject
Global
	GlobalSection(SolutionConfigurationPlatforms) = preSolution
		Debug|Any CPU = Debug|Any CPU
		Release|Any CPU = Release|Any CPU
	EndGlobalSection
	GlobalSection(ProjectConfigurationPlatforms) = postSolution
		{9CF48A0F-6E0F-4A99-8D70-2FED891AB6D2}.Debug|Any CPU.ActiveCfg = Debug|Any CPU
		{9CF48A0F-6E0F-4A99-8D70-2FED891AB6D2}.Debug|Any CPU.Build.0 = Debug|Any CPU
		{9CF48A0F-6E0F-4A99-8D70-2FED891AB6D2}.Release|Any CPU.ActiveCfg = Release|Any CPU
		{9CF48A0F-6E0F-4A99-8D70-2FED891AB6D2}.Release|Any CPU.Build.0 = Release|Any CPU
	EndGlobalSection
	GlobalSection(SolutionProperties) = preSolution
		HideSolutionNode = FALSE
	EndGlobalSection
	GlobalSection(ExtensibilityGlobals) = postSolution
		SolutionGuid = {ED5C711C-9F60-4276-9213-DB2D89FEF4FA}
	EndGlobalSection
EndGlobal
