
Microsoft Visual Studio Solution File, Format Version 12.00
# Visual Studio Version 17
VisualStudioVersion = 17.4.33213.308
MinimumVisualStudioVersion = 10.0.40219.1
Project("{FAE04EC0-301F-11D3-BF4B-00C04F79EFBC}") = "02. Nums 1 To 10", "02. Nums 1 To 10\02. Nums 1 To 10.csproj", "{91640AB6-A84B-4F2E-B186-86AABF4FF26B}"
EndProject
Global
	GlobalSection(SolutionConfigurationPlatforms) = preSolution
		Debug|Any CPU = Debug|Any CPU
		Release|Any CPU = Release|Any CPU
	EndGlobalSection
	GlobalSection(ProjectConfigurationPlatforms) = postSolution
		{91640AB6-A84B-4F2E-B186-86AABF4FF26B}.Debug|Any CPU.ActiveCfg = Debug|Any CPU
		{91640AB6-A84B-4F2E-B186-86AABF4FF26B}.Debug|Any CPU.Build.0 = Debug|Any CPU
		{91640AB6-A84B-4F2E-B186-86AABF4FF26B}.Release|Any CPU.ActiveCfg = Release|Any CPU
		{91640AB6-A84B-4F2E-B186-86AABF4FF26B}.Release|Any CPU.Build.0 = Release|Any CPU
	EndGlobalSection
	GlobalSection(SolutionProperties) = preSolution
		HideSolutionNode = FALSE
	EndGlobalSection
	GlobalSection(ExtensibilityGlobals) = postSolution
		SolutionGuid = {28BAC997-3206-4F2D-9CF0-38D0F74AF09D}
	EndGlobalSection
EndGlobal
