
Microsoft Visual Studio Solution File, Format Version 12.00
# Visual Studio Version 17
VisualStudioVersion = 17.7.34003.232
MinimumVisualStudioVersion = 10.0.40219.1
Project("{FAE04EC0-301F-11D3-BF4B-00C04F79EFBC}") = "10. Rage Expenses", "10. Rage Expenses\10. Rage Expenses.csproj", "{4015C691-1CC3-4C54-B11E-FE5A0B02D268}"
EndProject
Global
	GlobalSection(SolutionConfigurationPlatforms) = preSolution
		Debug|Any CPU = Debug|Any CPU
		Release|Any CPU = Release|Any CPU
	EndGlobalSection
	GlobalSection(ProjectConfigurationPlatforms) = postSolution
		{4015C691-1CC3-4C54-B11E-FE5A0B02D268}.Debug|Any CPU.ActiveCfg = Debug|Any CPU
		{4015C691-1CC3-4C54-B11E-FE5A0B02D268}.Debug|Any CPU.Build.0 = Debug|Any CPU
		{4015C691-1CC3-4C54-B11E-FE5A0B02D268}.Release|Any CPU.ActiveCfg = Release|Any CPU
		{4015C691-1CC3-4C54-B11E-FE5A0B02D268}.Release|Any CPU.Build.0 = Release|Any CPU
	EndGlobalSection
	GlobalSection(SolutionProperties) = preSolution
		HideSolutionNode = FALSE
	EndGlobalSection
	GlobalSection(ExtensibilityGlobals) = postSolution
		SolutionGuid = {F5A9E7D2-4BA5-41DE-98E2-8049C6870DCD}
	EndGlobalSection
EndGlobal
