
Microsoft Visual Studio Solution File, Format Version 12.00
# Visual Studio Version 17
VisualStudioVersion = 17.7.34031.279
MinimumVisualStudioVersion = 10.0.40219.1
Project("{FAE04EC0-301F-11D3-BF4B-00C04F79EFBC}") = "04. Fold and Sum", "04. Fold and Sum\04. Fold and Sum.csproj", "{AA076915-4254-4F38-B5A8-24885BE03104}"
EndProject
Global
	GlobalSection(SolutionConfigurationPlatforms) = preSolution
		Debug|Any CPU = Debug|Any CPU
		Release|Any CPU = Release|Any CPU
	EndGlobalSection
	GlobalSection(ProjectConfigurationPlatforms) = postSolution
		{AA076915-4254-4F38-B5A8-24885BE03104}.Debug|Any CPU.ActiveCfg = Debug|Any CPU
		{AA076915-4254-4F38-B5A8-24885BE03104}.Debug|Any CPU.Build.0 = Debug|Any CPU
		{AA076915-4254-4F38-B5A8-24885BE03104}.Release|Any CPU.ActiveCfg = Release|Any CPU
		{AA076915-4254-4F38-B5A8-24885BE03104}.Release|Any CPU.Build.0 = Release|Any CPU
	EndGlobalSection
	GlobalSection(SolutionProperties) = preSolution
		HideSolutionNode = FALSE
	EndGlobalSection
	GlobalSection(ExtensibilityGlobals) = postSolution
		SolutionGuid = {A655BD97-368B-4F9F-AAB5-2DF8F37646A3}
	EndGlobalSection
EndGlobal
