
Microsoft Visual Studio Solution File, Format Version 12.00
# Visual Studio Version 17
VisualStudioVersion = 17.7.34031.279
MinimumVisualStudioVersion = 10.0.40219.1
Project("{FAE04EC0-301F-11D3-BF4B-00C04F79EFBC}") = "02. Pounds to Dollars", "02. Pounds to Dollars\02. Pounds to Dollars.csproj", "{1F3D11CD-650A-4E9A-83EB-57C3CEC3EEA1}"
EndProject
Global
	GlobalSection(SolutionConfigurationPlatforms) = preSolution
		Debug|Any CPU = Debug|Any CPU
		Release|Any CPU = Release|Any CPU
	EndGlobalSection
	GlobalSection(ProjectConfigurationPlatforms) = postSolution
		{1F3D11CD-650A-4E9A-83EB-57C3CEC3EEA1}.Debug|Any CPU.ActiveCfg = Debug|Any CPU
		{1F3D11CD-650A-4E9A-83EB-57C3CEC3EEA1}.Debug|Any CPU.Build.0 = Debug|Any CPU
		{1F3D11CD-650A-4E9A-83EB-57C3CEC3EEA1}.Release|Any CPU.ActiveCfg = Release|Any CPU
		{1F3D11CD-650A-4E9A-83EB-57C3CEC3EEA1}.Release|Any CPU.Build.0 = Release|Any CPU
	EndGlobalSection
	GlobalSection(SolutionProperties) = preSolution
		HideSolutionNode = FALSE
	EndGlobalSection
	GlobalSection(ExtensibilityGlobals) = postSolution
		SolutionGuid = {373F3C45-BBDB-4E4C-909E-850D87B245A8}
	EndGlobalSection
EndGlobal
