
Microsoft Visual Studio Solution File, Format Version 12.00
# Visual Studio Version 17
VisualStudioVersion = 17.4.33213.308
MinimumVisualStudioVersion = 10.0.40219.1
Project("{FAE04EC0-301F-11D3-BF4B-00C04F79EFBC}") = "05. Supplies for School", "05. Supplies for School\05. Supplies for School.csproj", "{C96A576C-1E70-4F81-A537-E32E6E6B6BB7}"
EndProject
Global
	GlobalSection(SolutionConfigurationPlatforms) = preSolution
		Debug|Any CPU = Debug|Any CPU
		Release|Any CPU = Release|Any CPU
	EndGlobalSection
	GlobalSection(ProjectConfigurationPlatforms) = postSolution
		{C96A576C-1E70-4F81-A537-E32E6E6B6BB7}.Debug|Any CPU.ActiveCfg = Debug|Any CPU
		{C96A576C-1E70-4F81-A537-E32E6E6B6BB7}.Debug|Any CPU.Build.0 = Debug|Any CPU
		{C96A576C-1E70-4F81-A537-E32E6E6B6BB7}.Release|Any CPU.ActiveCfg = Release|Any CPU
		{C96A576C-1E70-4F81-A537-E32E6E6B6BB7}.Release|Any CPU.Build.0 = Release|Any CPU
	EndGlobalSection
	GlobalSection(SolutionProperties) = preSolution
		HideSolutionNode = FALSE
	EndGlobalSection
	GlobalSection(ExtensibilityGlobals) = postSolution
		SolutionGuid = {22292B41-C69E-4C69-9436-5B9D542F273D}
	EndGlobalSection
EndGlobal
