
Microsoft Visual Studio Solution File, Format Version 12.00
# Visual Studio Version 17
VisualStudioVersion = 17.7.34031.279
MinimumVisualStudioVersion = 10.0.40219.1
Project("{FAE04EC0-301F-11D3-BF4B-00C04F79EFBC}") = "04. Centuries to Minutes", "04. Centuries to Minutes\04. Centuries to Minutes.csproj", "{6B2D165D-CF60-4131-BA56-1F0D7BBE3574}"
EndProject
Global
	GlobalSection(SolutionConfigurationPlatforms) = preSolution
		Debug|Any CPU = Debug|Any CPU
		Release|Any CPU = Release|Any CPU
	EndGlobalSection
	GlobalSection(ProjectConfigurationPlatforms) = postSolution
		{6B2D165D-CF60-4131-BA56-1F0D7BBE3574}.Debug|Any CPU.ActiveCfg = Debug|Any CPU
		{6B2D165D-CF60-4131-BA56-1F0D7BBE3574}.Debug|Any CPU.Build.0 = Debug|Any CPU
		{6B2D165D-CF60-4131-BA56-1F0D7BBE3574}.Release|Any CPU.ActiveCfg = Release|Any CPU
		{6B2D165D-CF60-4131-BA56-1F0D7BBE3574}.Release|Any CPU.Build.0 = Release|Any CPU
	EndGlobalSection
	GlobalSection(SolutionProperties) = preSolution
		HideSolutionNode = FALSE
	EndGlobalSection
	GlobalSection(ExtensibilityGlobals) = postSolution
		SolutionGuid = {5C8F025B-DEED-4C71-A2FA-B5169853F92D}
	EndGlobalSection
EndGlobal
