
Microsoft Visual Studio Solution File, Format Version 12.00
# Visual Studio Version 17
VisualStudioVersion = 17.7.34031.279
MinimumVisualStudioVersion = 10.0.40219.1
Project("{FAE04EC0-301F-11D3-BF4B-00C04F79EFBC}") = "12. Refactor Special Numbers", "12. Refactor Special Numbers\12. Refactor Special Numbers.csproj", "{B3269307-2F79-442E-9126-0C784EB19E86}"
EndProject
Global
	GlobalSection(SolutionConfigurationPlatforms) = preSolution
		Debug|Any CPU = Debug|Any CPU
		Release|Any CPU = Release|Any CPU
	EndGlobalSection
	GlobalSection(ProjectConfigurationPlatforms) = postSolution
		{B3269307-2F79-442E-9126-0C784EB19E86}.Debug|Any CPU.ActiveCfg = Debug|Any CPU
		{B3269307-2F79-442E-9126-0C784EB19E86}.Debug|Any CPU.Build.0 = Debug|Any CPU
		{B3269307-2F79-442E-9126-0C784EB19E86}.Release|Any CPU.ActiveCfg = Release|Any CPU
		{B3269307-2F79-442E-9126-0C784EB19E86}.Release|Any CPU.Build.0 = Release|Any CPU
	EndGlobalSection
	GlobalSection(SolutionProperties) = preSolution
		HideSolutionNode = FALSE
	EndGlobalSection
	GlobalSection(ExtensibilityGlobals) = postSolution
		SolutionGuid = {DAAEB8DF-C998-479C-94EC-7289B39C755E}
	EndGlobalSection
EndGlobal
