
Microsoft Visual Studio Solution File, Format Version 12.00
# Visual Studio Version 17
VisualStudioVersion = 17.7.34031.279
MinimumVisualStudioVersion = 10.0.40219.1
Project("{FAE04EC0-301F-11D3-BF4B-00C04F79EFBC}") = "06. Balanced Brackets", "06. Balanced Brackets\06. Balanced Brackets.csproj", "{DBBF70CD-B346-4919-9DE9-C6728979DA55}"
EndProject
Global
	GlobalSection(SolutionConfigurationPlatforms) = preSolution
		Debug|Any CPU = Debug|Any CPU
		Release|Any CPU = Release|Any CPU
	EndGlobalSection
	GlobalSection(ProjectConfigurationPlatforms) = postSolution
		{DBBF70CD-B346-4919-9DE9-C6728979DA55}.Debug|Any CPU.ActiveCfg = Debug|Any CPU
		{DBBF70CD-B346-4919-9DE9-C6728979DA55}.Debug|Any CPU.Build.0 = Debug|Any CPU
		{DBBF70CD-B346-4919-9DE9-C6728979DA55}.Release|Any CPU.ActiveCfg = Release|Any CPU
		{DBBF70CD-B346-4919-9DE9-C6728979DA55}.Release|Any CPU.Build.0 = Release|Any CPU
	EndGlobalSection
	GlobalSection(SolutionProperties) = preSolution
		HideSolutionNode = FALSE
	EndGlobalSection
	GlobalSection(ExtensibilityGlobals) = postSolution
		SolutionGuid = {65485079-8120-4066-91F4-4A4D40F0CDBB}
	EndGlobalSection
EndGlobal
