
Microsoft Visual Studio Solution File, Format Version 12.00
# Visual Studio Version 17
VisualStudioVersion = 17.4.33213.308
MinimumVisualStudioVersion = 10.0.40219.1
Project("{FAE04EC0-301F-11D3-BF4B-00C04F79EFBC}") = "04. Toy Shop", "04. Toy Shop\04. Toy Shop.csproj", "{8E566A7F-1CB1-497B-8CFF-1900E9775765}"
EndProject
Global
	GlobalSection(SolutionConfigurationPlatforms) = preSolution
		Debug|Any CPU = Debug|Any CPU
		Release|Any CPU = Release|Any CPU
	EndGlobalSection
	GlobalSection(ProjectConfigurationPlatforms) = postSolution
		{8E566A7F-1CB1-497B-8CFF-1900E9775765}.Debug|Any CPU.ActiveCfg = Debug|Any CPU
		{8E566A7F-1CB1-497B-8CFF-1900E9775765}.Debug|Any CPU.Build.0 = Debug|Any CPU
		{8E566A7F-1CB1-497B-8CFF-1900E9775765}.Release|Any CPU.ActiveCfg = Release|Any CPU
		{8E566A7F-1CB1-497B-8CFF-1900E9775765}.Release|Any CPU.Build.0 = Release|Any CPU
	EndGlobalSection
	GlobalSection(SolutionProperties) = preSolution
		HideSolutionNode = FALSE
	EndGlobalSection
	GlobalSection(ExtensibilityGlobals) = postSolution
		SolutionGuid = {CAE420C9-31AA-4860-9FE0-640BFC79E090}
	EndGlobalSection
EndGlobal
