
Microsoft Visual Studio Solution File, Format Version 12.00
# Visual Studio Version 17
VisualStudioVersion = 17.6.33829.357
MinimumVisualStudioVersion = 10.0.40219.1
Project("{FAE04EC0-301F-11D3-BF4B-00C04F79EFBC}") = "11. Multiplication Table 2.0", "11. Multiplication Table 2.0\11. Multiplication Table 2.0.csproj", "{9B81A3C2-9E78-4A0E-8736-E89C72B13DAB}"
EndProject
Global
	GlobalSection(SolutionConfigurationPlatforms) = preSolution
		Debug|Any CPU = Debug|Any CPU
		Release|Any CPU = Release|Any CPU
	EndGlobalSection
	GlobalSection(ProjectConfigurationPlatforms) = postSolution
		{9B81A3C2-9E78-4A0E-8736-E89C72B13DAB}.Debug|Any CPU.ActiveCfg = Debug|Any CPU
		{9B81A3C2-9E78-4A0E-8736-E89C72B13DAB}.Debug|Any CPU.Build.0 = Debug|Any CPU
		{9B81A3C2-9E78-4A0E-8736-E89C72B13DAB}.Release|Any CPU.ActiveCfg = Release|Any CPU
		{9B81A3C2-9E78-4A0E-8736-E89C72B13DAB}.Release|Any CPU.Build.0 = Release|Any CPU
	EndGlobalSection
	GlobalSection(SolutionProperties) = preSolution
		HideSolutionNode = FALSE
	EndGlobalSection
	GlobalSection(ExtensibilityGlobals) = postSolution
		SolutionGuid = {FD4ABE0F-2F23-4FE1-81C8-8173CA0E5CF8}
	EndGlobalSection
EndGlobal
