
Microsoft Visual Studio Solution File, Format Version 12.00
# Visual Studio Version 17
VisualStudioVersion = 17.7.34031.279
MinimumVisualStudioVersion = 10.0.40219.1
Project("{FAE04EC0-301F-11D3-BF4B-00C04F79EFBC}") = "08. Magic Sum", "08. Magic Sum\08. Magic Sum.csproj", "{7A1588B3-9517-4F21-AD39-AABA119F6AC2}"
EndProject
Global
	GlobalSection(SolutionConfigurationPlatforms) = preSolution
		Debug|Any CPU = Debug|Any CPU
		Release|Any CPU = Release|Any CPU
	EndGlobalSection
	GlobalSection(ProjectConfigurationPlatforms) = postSolution
		{7A1588B3-9517-4F21-AD39-AABA119F6AC2}.Debug|Any CPU.ActiveCfg = Debug|Any CPU
		{7A1588B3-9517-4F21-AD39-AABA119F6AC2}.Debug|Any CPU.Build.0 = Debug|Any CPU
		{7A1588B3-9517-4F21-AD39-AABA119F6AC2}.Release|Any CPU.ActiveCfg = Release|Any CPU
		{7A1588B3-9517-4F21-AD39-AABA119F6AC2}.Release|Any CPU.Build.0 = Release|Any CPU
	EndGlobalSection
	GlobalSection(SolutionProperties) = preSolution
		HideSolutionNode = FALSE
	EndGlobalSection
	GlobalSection(ExtensibilityGlobals) = postSolution
		SolutionGuid = {26EE06FE-C8A5-4155-A29E-AC1DB9908CA9}
	EndGlobalSection
EndGlobal
