
Microsoft Visual Studio Solution File, Format Version 12.00
# Visual Studio Version 17
VisualStudioVersion = 17.7.34031.279
MinimumVisualStudioVersion = 10.0.40219.1
Project("{FAE04EC0-301F-11D3-BF4B-00C04F79EFBC}") = "3. Gaming Store", "3. Gaming Store\3. Gaming Store.csproj", "{CA2AAAC8-8E68-458D-84F7-C8CEBA696B38}"
EndProject
Global
	GlobalSection(SolutionConfigurationPlatforms) = preSolution
		Debug|Any CPU = Debug|Any CPU
		Release|Any CPU = Release|Any CPU
	EndGlobalSection
	GlobalSection(ProjectConfigurationPlatforms) = postSolution
		{CA2AAAC8-8E68-458D-84F7-C8CEBA696B38}.Debug|Any CPU.ActiveCfg = Debug|Any CPU
		{CA2AAAC8-8E68-458D-84F7-C8CEBA696B38}.Debug|Any CPU.Build.0 = Debug|Any CPU
		{CA2AAAC8-8E68-458D-84F7-C8CEBA696B38}.Release|Any CPU.ActiveCfg = Release|Any CPU
		{CA2AAAC8-8E68-458D-84F7-C8CEBA696B38}.Release|Any CPU.Build.0 = Release|Any CPU
	EndGlobalSection
	GlobalSection(SolutionProperties) = preSolution
		HideSolutionNode = FALSE
	EndGlobalSection
	GlobalSection(ExtensibilityGlobals) = postSolution
		SolutionGuid = {5BFD90E8-5A6A-4F2E-96D3-6ADB46816729}
	EndGlobalSection
EndGlobal
