
Microsoft Visual Studio Solution File, Format Version 12.00
# Visual Studio Version 17
VisualStudioVersion = 17.4.33213.308
MinimumVisualStudioVersion = 10.0.40219.1
Project("{FAE04EC0-301F-11D3-BF4B-00C04F79EFBC}") = "02. Friend List Maintenance", "02. Friend List Maintenance\02. Friend List Maintenance.csproj", "{3FF646E2-B654-425E-A770-15B63CF6C1A0}"
EndProject
Global
	GlobalSection(SolutionConfigurationPlatforms) = preSolution
		Debug|Any CPU = Debug|Any CPU
		Release|Any CPU = Release|Any CPU
	EndGlobalSection
	GlobalSection(ProjectConfigurationPlatforms) = postSolution
		{3FF646E2-B654-425E-A770-15B63CF6C1A0}.Debug|Any CPU.ActiveCfg = Debug|Any CPU
		{3FF646E2-B654-425E-A770-15B63CF6C1A0}.Debug|Any CPU.Build.0 = Debug|Any CPU
		{3FF646E2-B654-425E-A770-15B63CF6C1A0}.Release|Any CPU.ActiveCfg = Release|Any CPU
		{3FF646E2-B654-425E-A770-15B63CF6C1A0}.Release|Any CPU.Build.0 = Release|Any CPU
	EndGlobalSection
	GlobalSection(SolutionProperties) = preSolution
		HideSolutionNode = FALSE
	EndGlobalSection
	GlobalSection(ExtensibilityGlobals) = postSolution
		SolutionGuid = {66ACEDDC-930D-4F8E-B2AC-000E6722752D}
	EndGlobalSection
EndGlobal
