
Microsoft Visual Studio Solution File, Format Version 12.00
# Visual Studio Version 17
VisualStudioVersion = 17.4.33213.308
MinimumVisualStudioVersion = 10.0.40219.1
Project("{FAE04EC0-301F-11D3-BF4B-00C04F79EFBC}") = "07. Area of Figures", "07. Area of Figures\07. Area of Figures.csproj", "{DDF7FD04-29B6-494A-9B12-68F5FD71A47C}"
EndProject
Global
	GlobalSection(SolutionConfigurationPlatforms) = preSolution
		Debug|Any CPU = Debug|Any CPU
		Release|Any CPU = Release|Any CPU
	EndGlobalSection
	GlobalSection(ProjectConfigurationPlatforms) = postSolution
		{DDF7FD04-29B6-494A-9B12-68F5FD71A47C}.Debug|Any CPU.ActiveCfg = Debug|Any CPU
		{DDF7FD04-29B6-494A-9B12-68F5FD71A47C}.Debug|Any CPU.Build.0 = Debug|Any CPU
		{DDF7FD04-29B6-494A-9B12-68F5FD71A47C}.Release|Any CPU.ActiveCfg = Release|Any CPU
		{DDF7FD04-29B6-494A-9B12-68F5FD71A47C}.Release|Any CPU.Build.0 = Release|Any CPU
	EndGlobalSection
	GlobalSection(SolutionProperties) = preSolution
		HideSolutionNode = FALSE
	EndGlobalSection
	GlobalSection(ExtensibilityGlobals) = postSolution
		SolutionGuid = {27921737-0CCB-4530-AB92-7D13511D62F9}
	EndGlobalSection
EndGlobal
