
Microsoft Visual Studio Solution File, Format Version 12.00
# Visual Studio Version 17
VisualStudioVersion = 17.7.34031.279
MinimumVisualStudioVersion = 10.0.40219.1
Project("{FAE04EC0-301F-11D3-BF4B-00C04F79EFBC}") = "01. Train", "01. Train\01. Train.csproj", "{21319954-A538-4F4D-BDE8-98D345A48000}"
EndProject
Global
	GlobalSection(SolutionConfigurationPlatforms) = preSolution
		Debug|Any CPU = Debug|Any CPU
		Release|Any CPU = Release|Any CPU
	EndGlobalSection
	GlobalSection(ProjectConfigurationPlatforms) = postSolution
		{21319954-A538-4F4D-BDE8-98D345A48000}.Debug|Any CPU.ActiveCfg = Debug|Any CPU
		{21319954-A538-4F4D-BDE8-98D345A48000}.Debug|Any CPU.Build.0 = Debug|Any CPU
		{21319954-A538-4F4D-BDE8-98D345A48000}.Release|Any CPU.ActiveCfg = Release|Any CPU
		{21319954-A538-4F4D-BDE8-98D345A48000}.Release|Any CPU.Build.0 = Release|Any CPU
	EndGlobalSection
	GlobalSection(SolutionProperties) = preSolution
		HideSolutionNode = FALSE
	EndGlobalSection
	GlobalSection(ExtensibilityGlobals) = postSolution
		SolutionGuid = {1FF64421-106B-4563-B1C8-DE24116E5AFA}
	EndGlobalSection
EndGlobal
