
Microsoft Visual Studio Solution File, Format Version 12.00
# Visual Studio Version 17
VisualStudioVersion = 17.4.33213.308
MinimumVisualStudioVersion = 10.0.40219.1
Project("{FAE04EC0-301F-11D3-BF4B-00C04F79EFBC}") = "01. Sum Seconds", "01. Sum Seconds\01. Sum Seconds.csproj", "{88DAC833-25DF-46B6-A821-78B8955FACA4}"
EndProject
Global
	GlobalSection(SolutionConfigurationPlatforms) = preSolution
		Debug|Any CPU = Debug|Any CPU
		Release|Any CPU = Release|Any CPU
	EndGlobalSection
	GlobalSection(ProjectConfigurationPlatforms) = postSolution
		{88DAC833-25DF-46B6-A821-78B8955FACA4}.Debug|Any CPU.ActiveCfg = Debug|Any CPU
		{88DAC833-25DF-46B6-A821-78B8955FACA4}.Debug|Any CPU.Build.0 = Debug|Any CPU
		{88DAC833-25DF-46B6-A821-78B8955FACA4}.Release|Any CPU.ActiveCfg = Release|Any CPU
		{88DAC833-25DF-46B6-A821-78B8955FACA4}.Release|Any CPU.Build.0 = Release|Any CPU
	EndGlobalSection
	GlobalSection(SolutionProperties) = preSolution
		HideSolutionNode = FALSE
	EndGlobalSection
	GlobalSection(ExtensibilityGlobals) = postSolution
		SolutionGuid = {B51CAB2B-BF2C-4060-9B68-19A748EF923B}
	EndGlobalSection
EndGlobal
