
Microsoft Visual Studio Solution File, Format Version 12.00
# Visual Studio Version 17
VisualStudioVersion = 17.7.34003.232
MinimumVisualStudioVersion = 10.0.40219.1
Project("{FAE04EC0-301F-11D3-BF4B-00C04F79EFBC}") = "04. Print and sum", "04. Print and sum\04. Print and sum.csproj", "{78983AE2-0D40-4876-BCDA-1C1FEF2C9125}"
EndProject
Global
	GlobalSection(SolutionConfigurationPlatforms) = preSolution
		Debug|Any CPU = Debug|Any CPU
		Release|Any CPU = Release|Any CPU
	EndGlobalSection
	GlobalSection(ProjectConfigurationPlatforms) = postSolution
		{78983AE2-0D40-4876-BCDA-1C1FEF2C9125}.Debug|Any CPU.ActiveCfg = Debug|Any CPU
		{78983AE2-0D40-4876-BCDA-1C1FEF2C9125}.Debug|Any CPU.Build.0 = Debug|Any CPU
		{78983AE2-0D40-4876-BCDA-1C1FEF2C9125}.Release|Any CPU.ActiveCfg = Release|Any CPU
		{78983AE2-0D40-4876-BCDA-1C1FEF2C9125}.Release|Any CPU.Build.0 = Release|Any CPU
	EndGlobalSection
	GlobalSection(SolutionProperties) = preSolution
		HideSolutionNode = FALSE
	EndGlobalSection
	GlobalSection(ExtensibilityGlobals) = postSolution
		SolutionGuid = {64A94A7F-B816-4290-92CD-825B2774F03A}
	EndGlobalSection
EndGlobal
